// !$*UTF8*$!
{
	archiveVersion = 1;
	classes = {
	};
	objectVersion = 50;
	objects = {

/* Begin PBXBuildFile section */
		52813EA579BA334A3A808AF3 /* Pods_contactsUITests.framework in Frameworks */ = {isa = PBXBuildFile; fileRef = A807005430219B2B6CF05DC6 /* Pods_contactsUITests.framework */; };
		8E75A0A02F30E0F56EAAF106 /* Pods_contacts.framework in Frameworks */ = {isa = PBXBuildFile; fileRef = 0FE9FD65B37A6E4A5A967801 /* Pods_contacts.framework */; };
		B90835BC20DA7B5F0023898E /* UIView+Gradient.swift in Sources */ = {isa = PBXBuildFile; fileRef = B90835BB20DA7B5F0023898E /* UIView+Gradient.swift */; };
		B90835C220DA8D9C0023898E /* ContactDetailActionPanel.swift in Sources */ = {isa = PBXBuildFile; fileRef = B90835C120DA8D9C0023898E /* ContactDetailActionPanel.swift */; };
		B90835C420DAA7B90023898E /* ContactDetailActionPanelDelegate.swift in Sources */ = {isa = PBXBuildFile; fileRef = B90835C320DAA7B90023898E /* ContactDetailActionPanelDelegate.swift */; };
		B90835C620DAA9190023898E /* ContactDetailVC+ActionPanel.swift in Sources */ = {isa = PBXBuildFile; fileRef = B90835C520DAA9190023898E /* ContactDetailVC+ActionPanel.swift */; };
		B90835C820DAAD3E0023898E /* UILocalizedIndexedCollation+Contacts.swift in Sources */ = {isa = PBXBuildFile; fileRef = B90835C720DAAD3E0023898E /* UILocalizedIndexedCollation+Contacts.swift */; };
		B94CF01E20DBDB220040B9BB /* ContactEditVC.swift in Sources */ = {isa = PBXBuildFile; fileRef = B94CF01D20DBDB220040B9BB /* ContactEditVC.swift */; };
		B94CF02120DBE5630040B9BB /* ContactEditRow.swift in Sources */ = {isa = PBXBuildFile; fileRef = B94CF02020DBE5630040B9BB /* ContactEditRow.swift */; };
		B9639AD720D93657006A56A8 /* AppDelegate.swift in Sources */ = {isa = PBXBuildFile; fileRef = B9639AD620D93657006A56A8 /* AppDelegate.swift */; };
		B9639ADE20D93659006A56A8 /* Assets.xcassets in Resources */ = {isa = PBXBuildFile; fileRef = B9639ADD20D93659006A56A8 /* Assets.xcassets */; };
		B9639AE120D93659006A56A8 /* LaunchScreen.storyboard in Resources */ = {isa = PBXBuildFile; fileRef = B9639ADF20D93659006A56A8 /* LaunchScreen.storyboard */; };
		B9639AEC20D93659006A56A8 /* contactsTests.swift in Sources */ = {isa = PBXBuildFile; fileRef = B9639AEB20D93659006A56A8 /* contactsTests.swift */; };
		B9639AF720D93659006A56A8 /* contactsUITests.swift in Sources */ = {isa = PBXBuildFile; fileRef = B9639AF620D93659006A56A8 /* contactsUITests.swift */; };
		B9639B0720D93C7A006A56A8 /* UIColor+Hex.swift in Sources */ = {isa = PBXBuildFile; fileRef = B9639B0620D93C7A006A56A8 /* UIColor+Hex.swift */; };
		B9639B0A20D93E8D006A56A8 /* ContactsListingVC.swift in Sources */ = {isa = PBXBuildFile; fileRef = B9639B0920D93E8D006A56A8 /* ContactsListingVC.swift */; };
		B98B63DD20D944C0007DF27A /* ContactsListingCell.swift in Sources */ = {isa = PBXBuildFile; fileRef = B98B63DC20D944C0007DF27A /* ContactsListingCell.swift */; };
		B98B63E020D945FF007DF27A /* ContactModel.swift in Sources */ = {isa = PBXBuildFile; fileRef = B98B63DF20D945FF007DF27A /* ContactModel.swift */; };
		B98B63E220D94768007DF27A /* ContactsAPI.swift in Sources */ = {isa = PBXBuildFile; fileRef = B98B63E120D94768007DF27A /* ContactsAPI.swift */; };
		B98B63E520D95920007DF27A /* ContactDetailVC.swift in Sources */ = {isa = PBXBuildFile; fileRef = B98B63E420D95920007DF27A /* ContactDetailVC.swift */; };
		B98B63E820D95993007DF27A /* ContactDetailLabelRow.swift in Sources */ = {isa = PBXBuildFile; fileRef = B98B63E720D95993007DF27A /* ContactDetailLabelRow.swift */; };
		B98B63EB20D96CD0007DF27A /* UIView+Border.swift in Sources */ = {isa = PBXBuildFile; fileRef = B98B63EA20D96CCF007DF27A /* UIView+Border.swift */; };
		CA71BB874666F103B99C0C4F /* Pods_contactsTests.framework in Frameworks */ = {isa = PBXBuildFile; fileRef = 19C0C84A83FC9E9BE7D428A7 /* Pods_contactsTests.framework */; };
/* End PBXBuildFile section */

/* Begin PBXContainerItemProxy section */
		B9639AE820D93659006A56A8 /* PBXContainerItemProxy */ = {
			isa = PBXContainerItemProxy;
			containerPortal = B9639ACB20D93657006A56A8 /* Project object */;
			proxyType = 1;
			remoteGlobalIDString = B9639AD220D93657006A56A8;
			remoteInfo = contacts;
		};
		B9639AF320D93659006A56A8 /* PBXContainerItemProxy */ = {
			isa = PBXContainerItemProxy;
			containerPortal = B9639ACB20D93657006A56A8 /* Project object */;
			proxyType = 1;
			remoteGlobalIDString = B9639AD220D93657006A56A8;
			remoteInfo = contacts;
		};
/* End PBXContainerItemProxy section */

/* Begin PBXFileReference section */
		0FE9FD65B37A6E4A5A967801 /* Pods_contacts.framework */ = {isa = PBXFileReference; explicitFileType = wrapper.framework; includeInIndex = 0; path = Pods_contacts.framework; sourceTree = BUILT_PRODUCTS_DIR; };
		19C0C84A83FC9E9BE7D428A7 /* Pods_contactsTests.framework */ = {isa = PBXFileReference; explicitFileType = wrapper.framework; includeInIndex = 0; path = Pods_contactsTests.framework; sourceTree = BUILT_PRODUCTS_DIR; };
		480C9F0AD98DDF431008ECF3 /* Pods-contactsTests.debug.xcconfig */ = {isa = PBXFileReference; includeInIndex = 1; lastKnownFileType = text.xcconfig; name = "Pods-contactsTests.debug.xcconfig"; path = "Pods/Target Support Files/Pods-contactsTests/Pods-contactsTests.debug.xcconfig"; sourceTree = "<group>"; };
		4938E3A2AC4BF44006C0F3B1 /* Pods-contacts.release.xcconfig */ = {isa = PBXFileReference; includeInIndex = 1; lastKnownFileType = text.xcconfig; name = "Pods-contacts.release.xcconfig"; path = "Pods/Target Support Files/Pods-contacts/Pods-contacts.release.xcconfig"; sourceTree = "<group>"; };
		7E5BAD5ABBB3D779471B0786 /* Pods-contactsUITests.release.xcconfig */ = {isa = PBXFileReference; includeInIndex = 1; lastKnownFileType = text.xcconfig; name = "Pods-contactsUITests.release.xcconfig"; path = "Pods/Target Support Files/Pods-contactsUITests/Pods-contactsUITests.release.xcconfig"; sourceTree = "<group>"; };
		A41BE2D25B0649C1A381E6E4 /* Pods-contacts.debug.xcconfig */ = {isa = PBXFileReference; includeInIndex = 1; lastKnownFileType = text.xcconfig; name = "Pods-contacts.debug.xcconfig"; path = "Pods/Target Support Files/Pods-contacts/Pods-contacts.debug.xcconfig"; sourceTree = "<group>"; };
		A807005430219B2B6CF05DC6 /* Pods_contactsUITests.framework */ = {isa = PBXFileReference; explicitFileType = wrapper.framework; includeInIndex = 0; path = Pods_contactsUITests.framework; sourceTree = BUILT_PRODUCTS_DIR; };
		B90835BB20DA7B5F0023898E /* UIView+Gradient.swift */ = {isa = PBXFileReference; lastKnownFileType = sourcecode.swift; path = "UIView+Gradient.swift"; sourceTree = "<group>"; };
		B90835C120DA8D9C0023898E /* ContactDetailActionPanel.swift */ = {isa = PBXFileReference; lastKnownFileType = sourcecode.swift; path = ContactDetailActionPanel.swift; sourceTree = "<group>"; };
		B90835C320DAA7B90023898E /* ContactDetailActionPanelDelegate.swift */ = {isa = PBXFileReference; lastKnownFileType = sourcecode.swift; path = ContactDetailActionPanelDelegate.swift; sourceTree = "<group>"; };
		B90835C520DAA9190023898E /* ContactDetailVC+ActionPanel.swift */ = {isa = PBXFileReference; lastKnownFileType = sourcecode.swift; path = "ContactDetailVC+ActionPanel.swift"; sourceTree = "<group>"; };
		B90835C720DAAD3E0023898E /* UILocalizedIndexedCollation+Contacts.swift */ = {isa = PBXFileReference; lastKnownFileType = sourcecode.swift; path = "UILocalizedIndexedCollation+Contacts.swift"; sourceTree = "<group>"; };
		B94CF01D20DBDB220040B9BB /* ContactEditVC.swift */ = {isa = PBXFileReference; lastKnownFileType = sourcecode.swift; path = ContactEditVC.swift; sourceTree = "<group>"; };
		B94CF02020DBE5630040B9BB /* ContactEditRow.swift */ = {isa = PBXFileReference; lastKnownFileType = sourcecode.swift; path = ContactEditRow.swift; sourceTree = "<group>"; };
		B9639AD320D93657006A56A8 /* contacts.app */ = {isa = PBXFileReference; explicitFileType = wrapper.application; includeInIndex = 0; path = contacts.app; sourceTree = BUILT_PRODUCTS_DIR; };
		B9639AD620D93657006A56A8 /* AppDelegate.swift */ = {isa = PBXFileReference; lastKnownFileType = sourcecode.swift; path = AppDelegate.swift; sourceTree = "<group>"; };
		B9639ADD20D93659006A56A8 /* Assets.xcassets */ = {isa = PBXFileReference; lastKnownFileType = folder.assetcatalog; path = Assets.xcassets; sourceTree = "<group>"; };
		B9639AE020D93659006A56A8 /* Base */ = {isa = PBXFileReference; lastKnownFileType = file.storyboard; name = Base; path = Base.lproj/LaunchScreen.storyboard; sourceTree = "<group>"; };
		B9639AE220D93659006A56A8 /* Info.plist */ = {isa = PBXFileReference; lastKnownFileType = text.plist.xml; path = Info.plist; sourceTree = "<group>"; };
		B9639AE720D93659006A56A8 /* contactsTests.xctest */ = {isa = PBXFileReference; explicitFileType = wrapper.cfbundle; includeInIndex = 0; path = contactsTests.xctest; sourceTree = BUILT_PRODUCTS_DIR; };
		B9639AEB20D93659006A56A8 /* contactsTests.swift */ = {isa = PBXFileReference; lastKnownFileType = sourcecode.swift; path = contactsTests.swift; sourceTree = "<group>"; };
		B9639AED20D93659006A56A8 /* Info.plist */ = {isa = PBXFileReference; lastKnownFileType = text.plist.xml; path = Info.plist; sourceTree = "<group>"; };
		B9639AF220D93659006A56A8 /* contactsUITests.xctest */ = {isa = PBXFileReference; explicitFileType = wrapper.cfbundle; includeInIndex = 0; path = contactsUITests.xctest; sourceTree = BUILT_PRODUCTS_DIR; };
		B9639AF620D93659006A56A8 /* contactsUITests.swift */ = {isa = PBXFileReference; lastKnownFileType = sourcecode.swift; path = contactsUITests.swift; sourceTree = "<group>"; };
		B9639AF820D93659006A56A8 /* Info.plist */ = {isa = PBXFileReference; lastKnownFileType = text.plist.xml; path = Info.plist; sourceTree = "<group>"; };
		B9639B0620D93C7A006A56A8 /* UIColor+Hex.swift */ = {isa = PBXFileReference; lastKnownFileType = sourcecode.swift; path = "UIColor+Hex.swift"; sourceTree = "<group>"; };
		B9639B0920D93E8D006A56A8 /* ContactsListingVC.swift */ = {isa = PBXFileReference; lastKnownFileType = sourcecode.swift; path = ContactsListingVC.swift; sourceTree = "<group>"; };
		B98B63DC20D944C0007DF27A /* ContactsListingCell.swift */ = {isa = PBXFileReference; lastKnownFileType = sourcecode.swift; path = ContactsListingCell.swift; sourceTree = "<group>"; };
		B98B63DF20D945FF007DF27A /* ContactModel.swift */ = {isa = PBXFileReference; lastKnownFileType = sourcecode.swift; path = ContactModel.swift; sourceTree = "<group>"; };
		B98B63E120D94768007DF27A /* ContactsAPI.swift */ = {isa = PBXFileReference; lastKnownFileType = sourcecode.swift; path = ContactsAPI.swift; sourceTree = "<group>"; };
		B98B63E420D95920007DF27A /* ContactDetailVC.swift */ = {isa = PBXFileReference; lastKnownFileType = sourcecode.swift; path = ContactDetailVC.swift; sourceTree = "<group>"; };
		B98B63E720D95993007DF27A /* ContactDetailLabelRow.swift */ = {isa = PBXFileReference; lastKnownFileType = sourcecode.swift; path = ContactDetailLabelRow.swift; sourceTree = "<group>"; };
		B98B63EA20D96CCF007DF27A /* UIView+Border.swift */ = {isa = PBXFileReference; lastKnownFileType = sourcecode.swift; path = "UIView+Border.swift"; sourceTree = "<group>"; };
		D7C31E1012F6AB730C239C7F /* Pods-contactsUITests.debug.xcconfig */ = {isa = PBXFileReference; includeInIndex = 1; lastKnownFileType = text.xcconfig; name = "Pods-contactsUITests.debug.xcconfig"; path = "Pods/Target Support Files/Pods-contactsUITests/Pods-contactsUITests.debug.xcconfig"; sourceTree = "<group>"; };
		EC8601D57A019B9C54DEAD69 /* Pods-contactsTests.release.xcconfig */ = {isa = PBXFileReference; includeInIndex = 1; lastKnownFileType = text.xcconfig; name = "Pods-contactsTests.release.xcconfig"; path = "Pods/Target Support Files/Pods-contactsTests/Pods-contactsTests.release.xcconfig"; sourceTree = "<group>"; };
/* End PBXFileReference section */

/* Begin PBXFrameworksBuildPhase section */
		B9639AD020D93657006A56A8 /* Frameworks */ = {
			isa = PBXFrameworksBuildPhase;
			buildActionMask = 2147483647;
			files = (
				8E75A0A02F30E0F56EAAF106 /* Pods_contacts.framework in Frameworks */,
			);
			runOnlyForDeploymentPostprocessing = 0;
		};
		B9639AE420D93659006A56A8 /* Frameworks */ = {
			isa = PBXFrameworksBuildPhase;
			buildActionMask = 2147483647;
			files = (
				CA71BB874666F103B99C0C4F /* Pods_contactsTests.framework in Frameworks */,
			);
			runOnlyForDeploymentPostprocessing = 0;
		};
		B9639AEF20D93659006A56A8 /* Frameworks */ = {
			isa = PBXFrameworksBuildPhase;
			buildActionMask = 2147483647;
			files = (
				52813EA579BA334A3A808AF3 /* Pods_contactsUITests.framework in Frameworks */,
			);
			runOnlyForDeploymentPostprocessing = 0;
		};
/* End PBXFrameworksBuildPhase section */

/* Begin PBXGroup section */
		256CE476A1350D4FABFCC780 /* Frameworks */ = {
			isa = PBXGroup;
			children = (
				0FE9FD65B37A6E4A5A967801 /* Pods_contacts.framework */,
				19C0C84A83FC9E9BE7D428A7 /* Pods_contactsTests.framework */,
				A807005430219B2B6CF05DC6 /* Pods_contactsUITests.framework */,
			);
			name = Frameworks;
			sourceTree = "<group>";
		};
		9D7E54D6D0513251752AA9CE /* Pods */ = {
			isa = PBXGroup;
			children = (
				A41BE2D25B0649C1A381E6E4 /* Pods-contacts.debug.xcconfig */,
				4938E3A2AC4BF44006C0F3B1 /* Pods-contacts.release.xcconfig */,
				480C9F0AD98DDF431008ECF3 /* Pods-contactsTests.debug.xcconfig */,
				EC8601D57A019B9C54DEAD69 /* Pods-contactsTests.release.xcconfig */,
				D7C31E1012F6AB730C239C7F /* Pods-contactsUITests.debug.xcconfig */,
				7E5BAD5ABBB3D779471B0786 /* Pods-contactsUITests.release.xcconfig */,
			);
			name = Pods;
			sourceTree = "<group>";
		};
		B94CF01C20DBDAFC0040B9BB /* Contact Edit */ = {
			isa = PBXGroup;
			children = (
				B94CF01F20DBE5000040B9BB /* Views */,
				B94CF01D20DBDB220040B9BB /* ContactEditVC.swift */,
			);
			path = "Contact Edit";
			sourceTree = "<group>";
		};
		B94CF01F20DBE5000040B9BB /* Views */ = {
			isa = PBXGroup;
			children = (
				B94CF02020DBE5630040B9BB /* ContactEditRow.swift */,
			);
			path = Views;
			sourceTree = "<group>";
		};
		B9639ACA20D93657006A56A8 = {
			isa = PBXGroup;
			children = (
				B9639AD520D93657006A56A8 /* contacts */,
				B9639AEA20D93659006A56A8 /* contactsTests */,
				B9639AF520D93659006A56A8 /* contactsUITests */,
				B9639AD420D93657006A56A8 /* Products */,
				9D7E54D6D0513251752AA9CE /* Pods */,
				256CE476A1350D4FABFCC780 /* Frameworks */,
			);
			sourceTree = "<group>";
		};
		B9639AD420D93657006A56A8 /* Products */ = {
			isa = PBXGroup;
			children = (
				B9639AD320D93657006A56A8 /* contacts.app */,
				B9639AE720D93659006A56A8 /* contactsTests.xctest */,
				B9639AF220D93659006A56A8 /* contactsUITests.xctest */,
			);
			name = Products;
			sourceTree = "<group>";
		};
		B9639AD520D93657006A56A8 /* contacts */ = {
			isa = PBXGroup;
			children = (
				B98B63DA20D94487007DF27A /* API */,
				B9639B0820D93E78006A56A8 /* Contacts Listing */,
				B98B63E320D95903007DF27A /* Contact Detail */,
				B94CF01C20DBDAFC0040B9BB /* Contact Edit */,
				B98B63DE20D945D6007DF27A /* Models */,
				B9639B0520D93C62006A56A8 /* Util */,
				B9639AD620D93657006A56A8 /* AppDelegate.swift */,
				B9639ADD20D93659006A56A8 /* Assets.xcassets */,
				B9639ADF20D93659006A56A8 /* LaunchScreen.storyboard */,
				B9639AE220D93659006A56A8 /* Info.plist */,
			);
			path = contacts;
			sourceTree = "<group>";
		};
		B9639AEA20D93659006A56A8 /* contactsTests */ = {
			isa = PBXGroup;
			children = (
				B9639AEB20D93659006A56A8 /* contactsTests.swift */,
				B9639AED20D93659006A56A8 /* Info.plist */,
			);
			path = contactsTests;
			sourceTree = "<group>";
		};
		B9639AF520D93659006A56A8 /* contactsUITests */ = {
			isa = PBXGroup;
			children = (
				B9639AF620D93659006A56A8 /* contactsUITests.swift */,
				B9639AF820D93659006A56A8 /* Info.plist */,
			);
			path = contactsUITests;
			sourceTree = "<group>";
		};
		B9639B0520D93C62006A56A8 /* Util */ = {
			isa = PBXGroup;
			children = (
				B9639B0620D93C7A006A56A8 /* UIColor+Hex.swift */,
				B90835BB20DA7B5F0023898E /* UIView+Gradient.swift */,
				B98B63EA20D96CCF007DF27A /* UIView+Border.swift */,
				B90835C720DAAD3E0023898E /* UILocalizedIndexedCollation+Contacts.swift */,
			);
			path = Util;
			sourceTree = "<group>";
		};
		B9639B0820D93E78006A56A8 /* Contacts Listing */ = {
			isa = PBXGroup;
			children = (
				B98B63DB20D944AB007DF27A /* Views */,
				B9639B0920D93E8D006A56A8 /* ContactsListingVC.swift */,
			);
			path = "Contacts Listing";
			sourceTree = "<group>";
		};
		B98B63DA20D94487007DF27A /* API */ = {
			isa = PBXGroup;
			children = (
				B98B63E120D94768007DF27A /* ContactsAPI.swift */,
			);
			path = API;
			sourceTree = "<group>";
		};
		B98B63DB20D944AB007DF27A /* Views */ = {
			isa = PBXGroup;
			children = (
				B98B63DC20D944C0007DF27A /* ContactsListingCell.swift */,
			);
			path = Views;
			sourceTree = "<group>";
		};
		B98B63DE20D945D6007DF27A /* Models */ = {
			isa = PBXGroup;
			children = (
				B98B63DF20D945FF007DF27A /* ContactModel.swift */,
			);
			path = Models;
			sourceTree = "<group>";
		};
		B98B63E320D95903007DF27A /* Contact Detail */ = {
			isa = PBXGroup;
			children = (
				B98B63E620D9596E007DF27A /* Views */,
				B98B63E420D95920007DF27A /* ContactDetailVC.swift */,
				B90835C520DAA9190023898E /* ContactDetailVC+ActionPanel.swift */,
			);
			path = "Contact Detail";
			sourceTree = "<group>";
		};
		B98B63E620D9596E007DF27A /* Views */ = {
			isa = PBXGroup;
			children = (
				B90835C320DAA7B90023898E /* ContactDetailActionPanelDelegate.swift */,
				B90835C120DA8D9C0023898E /* ContactDetailActionPanel.swift */,
				B98B63E720D95993007DF27A /* ContactDetailLabelRow.swift */,
			);
			path = Views;
			sourceTree = "<group>";
		};
/* End PBXGroup section */

/* Begin PBXNativeTarget section */
		B9639AD220D93657006A56A8 /* contacts */ = {
			isa = PBXNativeTarget;
			buildConfigurationList = B9639AFB20D93659006A56A8 /* Build configuration list for PBXNativeTarget "contacts" */;
			buildPhases = (
				1ABAA35BDE244AE2D853CE21 /* [CP] Check Pods Manifest.lock */,
				B9639ACF20D93657006A56A8 /* Sources */,
				B9639AD020D93657006A56A8 /* Frameworks */,
				B9639AD120D93657006A56A8 /* Resources */,
				5D2D46109AFAC75A40CE2319 /* [CP] Embed Pods Frameworks */,
				A584C817C8DF8BBEA5E19305 /* [CP] Copy Pods Resources */,
			);
			buildRules = (
			);
			dependencies = (
			);
			name = contacts;
			productName = contacts;
			productReference = B9639AD320D93657006A56A8 /* contacts.app */;
			productType = "com.apple.product-type.application";
		};
		B9639AE620D93659006A56A8 /* contactsTests */ = {
			isa = PBXNativeTarget;
			buildConfigurationList = B9639AFE20D93659006A56A8 /* Build configuration list for PBXNativeTarget "contactsTests" */;
			buildPhases = (
				3CE69C9F1DC7969EB438BCC0 /* [CP] Check Pods Manifest.lock */,
				B9639AE320D93659006A56A8 /* Sources */,
				B9639AE420D93659006A56A8 /* Frameworks */,
				B9639AE520D93659006A56A8 /* Resources */,
				6AE2127FE172657BB9527B72 /* [CP] Embed Pods Frameworks */,
				0579A8AA1C5009EE04863FAE /* [CP] Copy Pods Resources */,
			);
			buildRules = (
			);
			dependencies = (
				B9639AE920D93659006A56A8 /* PBXTargetDependency */,
			);
			name = contactsTests;
			productName = contactsTests;
			productReference = B9639AE720D93659006A56A8 /* contactsTests.xctest */;
			productType = "com.apple.product-type.bundle.unit-test";
		};
		B9639AF120D93659006A56A8 /* contactsUITests */ = {
			isa = PBXNativeTarget;
			buildConfigurationList = B9639B0120D93659006A56A8 /* Build configuration list for PBXNativeTarget "contactsUITests" */;
			buildPhases = (
				2D65BDD63759BE893F51B8D3 /* [CP] Check Pods Manifest.lock */,
				B9639AEE20D93659006A56A8 /* Sources */,
				B9639AEF20D93659006A56A8 /* Frameworks */,
				B9639AF020D93659006A56A8 /* Resources */,
				523D2D5D644C003E7A753D79 /* [CP] Embed Pods Frameworks */,
				4EB13F2811B076DF27E62AD1 /* [CP] Copy Pods Resources */,
			);
			buildRules = (
			);
			dependencies = (
				B9639AF420D93659006A56A8 /* PBXTargetDependency */,
			);
			name = contactsUITests;
			productName = contactsUITests;
			productReference = B9639AF220D93659006A56A8 /* contactsUITests.xctest */;
			productType = "com.apple.product-type.bundle.ui-testing";
		};
/* End PBXNativeTarget section */

/* Begin PBXProject section */
		B9639ACB20D93657006A56A8 /* Project object */ = {
			isa = PBXProject;
			attributes = {
				LastSwiftUpdateCheck = 0940;
				LastUpgradeCheck = 0940;
				ORGANIZATIONNAME = "Patrick Ngo";
				TargetAttributes = {
					B9639AD220D93657006A56A8 = {
						CreatedOnToolsVersion = 9.4.1;
					};
					B9639AE620D93659006A56A8 = {
						CreatedOnToolsVersion = 9.4.1;
						TestTargetID = B9639AD220D93657006A56A8;
					};
					B9639AF120D93659006A56A8 = {
						CreatedOnToolsVersion = 9.4.1;
						TestTargetID = B9639AD220D93657006A56A8;
					};
				};
			};
			buildConfigurationList = B9639ACE20D93657006A56A8 /* Build configuration list for PBXProject "contacts" */;
			compatibilityVersion = "Xcode 9.3";
			developmentRegion = en;
			hasScannedForEncodings = 0;
			knownRegions = (
				en,
				Base,
			);
			mainGroup = B9639ACA20D93657006A56A8;
			productRefGroup = B9639AD420D93657006A56A8 /* Products */;
			projectDirPath = "";
			projectRoot = "";
			targets = (
				B9639AD220D93657006A56A8 /* contacts */,
				B9639AE620D93659006A56A8 /* contactsTests */,
				B9639AF120D93659006A56A8 /* contactsUITests */,
			);
		};
/* End PBXProject section */

/* Begin PBXResourcesBuildPhase section */
		B9639AD120D93657006A56A8 /* Resources */ = {
			isa = PBXResourcesBuildPhase;
			buildActionMask = 2147483647;
			files = (
				B9639AE120D93659006A56A8 /* LaunchScreen.storyboard in Resources */,
				B9639ADE20D93659006A56A8 /* Assets.xcassets in Resources */,
			);
			runOnlyForDeploymentPostprocessing = 0;
		};
		B9639AE520D93659006A56A8 /* Resources */ = {
			isa = PBXResourcesBuildPhase;
			buildActionMask = 2147483647;
			files = (
			);
			runOnlyForDeploymentPostprocessing = 0;
		};
		B9639AF020D93659006A56A8 /* Resources */ = {
			isa = PBXResourcesBuildPhase;
			buildActionMask = 2147483647;
			files = (
			);
			runOnlyForDeploymentPostprocessing = 0;
		};
/* End PBXResourcesBuildPhase section */

/* Begin PBXShellScriptBuildPhase section */
		0579A8AA1C5009EE04863FAE /* [CP] Copy Pods Resources */ = {
			isa = PBXShellScriptBuildPhase;
			buildActionMask = 2147483647;
			files = (
			);
			inputPaths = (
			);
			name = "[CP] Copy Pods Resources";
			outputPaths = (
			);
			runOnlyForDeploymentPostprocessing = 0;
			shellPath = /bin/sh;
			shellScript = "\"${SRCROOT}/Pods/Target Support Files/Pods-contactsTests/Pods-contactsTests-resources.sh\"\n";
			showEnvVarsInLog = 0;
		};
		1ABAA35BDE244AE2D853CE21 /* [CP] Check Pods Manifest.lock */ = {
			isa = PBXShellScriptBuildPhase;
			buildActionMask = 2147483647;
			files = (
			);
			inputPaths = (
				"${PODS_PODFILE_DIR_PATH}/Podfile.lock",
				"${PODS_ROOT}/Manifest.lock",
			);
			name = "[CP] Check Pods Manifest.lock";
			outputPaths = (
				"$(DERIVED_FILE_DIR)/Pods-contacts-checkManifestLockResult.txt",
			);
			runOnlyForDeploymentPostprocessing = 0;
			shellPath = /bin/sh;
			shellScript = "diff \"${PODS_PODFILE_DIR_PATH}/Podfile.lock\" \"${PODS_ROOT}/Manifest.lock\" > /dev/null\nif [ $? != 0 ] ; then\n    # print error to STDERR\n    echo \"error: The sandbox is not in sync with the Podfile.lock. Run 'pod install' or update your CocoaPods installation.\" >&2\n    exit 1\nfi\n# This output is used by Xcode 'outputs' to avoid re-running this script phase.\necho \"SUCCESS\" > \"${SCRIPT_OUTPUT_FILE_0}\"\n";
			showEnvVarsInLog = 0;
		};
		2D65BDD63759BE893F51B8D3 /* [CP] Check Pods Manifest.lock */ = {
			isa = PBXShellScriptBuildPhase;
			buildActionMask = 2147483647;
			files = (
			);
			inputPaths = (
				"${PODS_PODFILE_DIR_PATH}/Podfile.lock",
				"${PODS_ROOT}/Manifest.lock",
			);
			name = "[CP] Check Pods Manifest.lock";
			outputPaths = (
				"$(DERIVED_FILE_DIR)/Pods-contactsUITests-checkManifestLockResult.txt",
			);
			runOnlyForDeploymentPostprocessing = 0;
			shellPath = /bin/sh;
			shellScript = "diff \"${PODS_PODFILE_DIR_PATH}/Podfile.lock\" \"${PODS_ROOT}/Manifest.lock\" > /dev/null\nif [ $? != 0 ] ; then\n    # print error to STDERR\n    echo \"error: The sandbox is not in sync with the Podfile.lock. Run 'pod install' or update your CocoaPods installation.\" >&2\n    exit 1\nfi\n# This output is used by Xcode 'outputs' to avoid re-running this script phase.\necho \"SUCCESS\" > \"${SCRIPT_OUTPUT_FILE_0}\"\n";
			showEnvVarsInLog = 0;
		};
		3CE69C9F1DC7969EB438BCC0 /* [CP] Check Pods Manifest.lock */ = {
			isa = PBXShellScriptBuildPhase;
			buildActionMask = 2147483647;
			files = (
			);
			inputPaths = (
				"${PODS_PODFILE_DIR_PATH}/Podfile.lock",
				"${PODS_ROOT}/Manifest.lock",
			);
			name = "[CP] Check Pods Manifest.lock";
			outputPaths = (
				"$(DERIVED_FILE_DIR)/Pods-contactsTests-checkManifestLockResult.txt",
			);
			runOnlyForDeploymentPostprocessing = 0;
			shellPath = /bin/sh;
			shellScript = "diff \"${PODS_PODFILE_DIR_PATH}/Podfile.lock\" \"${PODS_ROOT}/Manifest.lock\" > /dev/null\nif [ $? != 0 ] ; then\n    # print error to STDERR\n    echo \"error: The sandbox is not in sync with the Podfile.lock. Run 'pod install' or update your CocoaPods installation.\" >&2\n    exit 1\nfi\n# This output is used by Xcode 'outputs' to avoid re-running this script phase.\necho \"SUCCESS\" > \"${SCRIPT_OUTPUT_FILE_0}\"\n";
			showEnvVarsInLog = 0;
		};
		4EB13F2811B076DF27E62AD1 /* [CP] Copy Pods Resources */ = {
			isa = PBXShellScriptBuildPhase;
			buildActionMask = 2147483647;
			files = (
			);
			inputPaths = (
			);
			name = "[CP] Copy Pods Resources";
			outputPaths = (
			);
			runOnlyForDeploymentPostprocessing = 0;
			shellPath = /bin/sh;
			shellScript = "\"${SRCROOT}/Pods/Target Support Files/Pods-contactsUITests/Pods-contactsUITests-resources.sh\"\n";
			showEnvVarsInLog = 0;
		};
		523D2D5D644C003E7A753D79 /* [CP] Embed Pods Frameworks */ = {
			isa = PBXShellScriptBuildPhase;
			buildActionMask = 2147483647;
			files = (
			);
			inputPaths = (
			);
			name = "[CP] Embed Pods Frameworks";
			outputPaths = (
			);
			runOnlyForDeploymentPostprocessing = 0;
			shellPath = /bin/sh;
			shellScript = "\"${SRCROOT}/Pods/Target Support Files/Pods-contactsUITests/Pods-contactsUITests-frameworks.sh\"\n";
			showEnvVarsInLog = 0;
		};
		5D2D46109AFAC75A40CE2319 /* [CP] Embed Pods Frameworks */ = {
			isa = PBXShellScriptBuildPhase;
			buildActionMask = 2147483647;
			files = (
			);
			inputPaths = (
				"${SRCROOT}/Pods/Target Support Files/Pods-contacts/Pods-contacts-frameworks.sh",
				"${BUILT_PRODUCTS_DIR}/Alamofire/Alamofire.framework",
				"${BUILT_PRODUCTS_DIR}/SDWebImage/SDWebImage.framework",
				"${BUILT_PRODUCTS_DIR}/SnapKit/SnapKit.framework",
			);
			name = "[CP] Embed Pods Frameworks";
			outputPaths = (
				"${TARGET_BUILD_DIR}/${FRAMEWORKS_FOLDER_PATH}/Alamofire.framework",
				"${TARGET_BUILD_DIR}/${FRAMEWORKS_FOLDER_PATH}/SDWebImage.framework",
				"${TARGET_BUILD_DIR}/${FRAMEWORKS_FOLDER_PATH}/SnapKit.framework",
			);
			runOnlyForDeploymentPostprocessing = 0;
			shellPath = /bin/sh;
			shellScript = "\"${SRCROOT}/Pods/Target Support Files/Pods-contacts/Pods-contacts-frameworks.sh\"\n";
			showEnvVarsInLog = 0;
		};
		6AE2127FE172657BB9527B72 /* [CP] Embed Pods Frameworks */ = {
			isa = PBXShellScriptBuildPhase;
			buildActionMask = 2147483647;
			files = (
			);
			inputPaths = (
			);
			name = "[CP] Embed Pods Frameworks";
			outputPaths = (
			);
			runOnlyForDeploymentPostprocessing = 0;
			shellPath = /bin/sh;
			shellScript = "\"${SRCROOT}/Pods/Target Support Files/Pods-contactsTests/Pods-contactsTests-frameworks.sh\"\n";
			showEnvVarsInLog = 0;
		};
		A584C817C8DF8BBEA5E19305 /* [CP] Copy Pods Resources */ = {
			isa = PBXShellScriptBuildPhase;
			buildActionMask = 2147483647;
			files = (
			);
			inputPaths = (
			);
			name = "[CP] Copy Pods Resources";
			outputPaths = (
			);
			runOnlyForDeploymentPostprocessing = 0;
			shellPath = /bin/sh;
			shellScript = "\"${SRCROOT}/Pods/Target Support Files/Pods-contacts/Pods-contacts-resources.sh\"\n";
			showEnvVarsInLog = 0;
		};
/* End PBXShellScriptBuildPhase section */

/* Begin PBXSourcesBuildPhase section */
		B9639ACF20D93657006A56A8 /* Sources */ = {
			isa = PBXSourcesBuildPhase;
			buildActionMask = 2147483647;
			files = (
				B90835BC20DA7B5F0023898E /* UIView+Gradient.swift in Sources */,
				B98B63E520D95920007DF27A /* ContactDetailVC.swift in Sources */,
				B90835C820DAAD3E0023898E /* UILocalizedIndexedCollation+Contacts.swift in Sources */,
				B90835C420DAA7B90023898E /* ContactDetailActionPanelDelegate.swift in Sources */,
				B90835C220DA8D9C0023898E /* ContactDetailActionPanel.swift in Sources */,
				B94CF01E20DBDB220040B9BB /* ContactEditVC.swift in Sources */,
				B9639B0A20D93E8D006A56A8 /* ContactsListingVC.swift in Sources */,
				B9639B0720D93C7A006A56A8 /* UIColor+Hex.swift in Sources */,
				B98B63E020D945FF007DF27A /* ContactModel.swift in Sources */,
				B94CF02120DBE5630040B9BB /* ContactEditRow.swift in Sources */,
				B90835C620DAA9190023898E /* ContactDetailVC+ActionPanel.swift in Sources */,
				B9639AD720D93657006A56A8 /* AppDelegate.swift in Sources */,
				B98B63E220D94768007DF27A /* ContactsAPI.swift in Sources */,
				B98B63E820D95993007DF27A /* ContactDetailLabelRow.swift in Sources */,
				B98B63EB20D96CD0007DF27A /* UIView+Border.swift in Sources */,
				B98B63DD20D944C0007DF27A /* ContactsListingCell.swift in Sources */,
			);
			runOnlyForDeploymentPostprocessing = 0;
		};
		B9639AE320D93659006A56A8 /* Sources */ = {
			isa = PBXSourcesBuildPhase;
			buildActionMask = 2147483647;
			files = (
				B9639AEC20D93659006A56A8 /* contactsTests.swift in Sources */,
			);
			runOnlyForDeploymentPostprocessing = 0;
		};
		B9639AEE20D93659006A56A8 /* Sources */ = {
			isa = PBXSourcesBuildPhase;
			buildActionMask = 2147483647;
			files = (
				B9639AF720D93659006A56A8 /* contactsUITests.swift in Sources */,
			);
			runOnlyForDeploymentPostprocessing = 0;
		};
/* End PBXSourcesBuildPhase section */

/* Begin PBXTargetDependency section */
		B9639AE920D93659006A56A8 /* PBXTargetDependency */ = {
			isa = PBXTargetDependency;
			target = B9639AD220D93657006A56A8 /* contacts */;
			targetProxy = B9639AE820D93659006A56A8 /* PBXContainerItemProxy */;
		};
		B9639AF420D93659006A56A8 /* PBXTargetDependency */ = {
			isa = PBXTargetDependency;
			target = B9639AD220D93657006A56A8 /* contacts */;
			targetProxy = B9639AF320D93659006A56A8 /* PBXContainerItemProxy */;
		};
/* End PBXTargetDependency section */

/* Begin PBXVariantGroup section */
		B9639ADF20D93659006A56A8 /* LaunchScreen.storyboard */ = {
			isa = PBXVariantGroup;
			children = (
				B9639AE020D93659006A56A8 /* Base */,
			);
			name = LaunchScreen.storyboard;
			sourceTree = "<group>";
		};
/* End PBXVariantGroup section */

/* Begin XCBuildConfiguration section */
		B9639AF920D93659006A56A8 /* Debug */ = {
			isa = XCBuildConfiguration;
			buildSettings = {
				ALWAYS_SEARCH_USER_PATHS = NO;
				CLANG_ANALYZER_NONNULL = YES;
				CLANG_ANALYZER_NUMBER_OBJECT_CONVERSION = YES_AGGRESSIVE;
				CLANG_CXX_LANGUAGE_STANDARD = "gnu++14";
				CLANG_CXX_LIBRARY = "libc++";
				CLANG_ENABLE_MODULES = YES;
				CLANG_ENABLE_OBJC_ARC = YES;
				CLANG_ENABLE_OBJC_WEAK = YES;
				CLANG_WARN_BLOCK_CAPTURE_AUTORELEASING = YES;
				CLANG_WARN_BOOL_CONVERSION = YES;
				CLANG_WARN_COMMA = YES;
				CLANG_WARN_CONSTANT_CONVERSION = YES;
				CLANG_WARN_DEPRECATED_OBJC_IMPLEMENTATIONS = YES;
				CLANG_WARN_DIRECT_OBJC_ISA_USAGE = YES_ERROR;
				CLANG_WARN_DOCUMENTATION_COMMENTS = YES;
				CLANG_WARN_EMPTY_BODY = YES;
				CLANG_WARN_ENUM_CONVERSION = YES;
				CLANG_WARN_INFINITE_RECURSION = YES;
				CLANG_WARN_INT_CONVERSION = YES;
				CLANG_WARN_NON_LITERAL_NULL_CONVERSION = YES;
				CLANG_WARN_OBJC_IMPLICIT_RETAIN_SELF = YES;
				CLANG_WARN_OBJC_LITERAL_CONVERSION = YES;
				CLANG_WARN_OBJC_ROOT_CLASS = YES_ERROR;
				CLANG_WARN_RANGE_LOOP_ANALYSIS = YES;
				CLANG_WARN_STRICT_PROTOTYPES = YES;
				CLANG_WARN_SUSPICIOUS_MOVE = YES;
				CLANG_WARN_UNGUARDED_AVAILABILITY = YES_AGGRESSIVE;
				CLANG_WARN_UNREACHABLE_CODE = YES;
				CLANG_WARN__DUPLICATE_METHOD_MATCH = YES;
				CODE_SIGN_IDENTITY = "iPhone Developer";
				COPY_PHASE_STRIP = NO;
				DEBUG_INFORMATION_FORMAT = dwarf;
				ENABLE_STRICT_OBJC_MSGSEND = YES;
				ENABLE_TESTABILITY = YES;
				GCC_C_LANGUAGE_STANDARD = gnu11;
				GCC_DYNAMIC_NO_PIC = NO;
				GCC_NO_COMMON_BLOCKS = YES;
				GCC_OPTIMIZATION_LEVEL = 0;
				GCC_PREPROCESSOR_DEFINITIONS = (
					"DEBUG=1",
					"$(inherited)",
				);
				GCC_WARN_64_TO_32_BIT_CONVERSION = YES;
				GCC_WARN_ABOUT_RETURN_TYPE = YES_ERROR;
				GCC_WARN_UNDECLARED_SELECTOR = YES;
				GCC_WARN_UNINITIALIZED_AUTOS = YES_AGGRESSIVE;
				GCC_WARN_UNUSED_FUNCTION = YES;
				GCC_WARN_UNUSED_VARIABLE = YES;
				IPHONEOS_DEPLOYMENT_TARGET = 11.4;
				MTL_ENABLE_DEBUG_INFO = YES;
				ONLY_ACTIVE_ARCH = YES;
				SDKROOT = iphoneos;
				SWIFT_ACTIVE_COMPILATION_CONDITIONS = DEBUG;
				SWIFT_OPTIMIZATION_LEVEL = "-Onone";
			};
			name = Debug;
		};
		B9639AFA20D93659006A56A8 /* Release */ = {
			isa = XCBuildConfiguration;
			buildSettings = {
				ALWAYS_SEARCH_USER_PATHS = NO;
				CLANG_ANALYZER_NONNULL = YES;
				CLANG_ANALYZER_NUMBER_OBJECT_CONVERSION = YES_AGGRESSIVE;
				CLANG_CXX_LANGUAGE_STANDARD = "gnu++14";
				CLANG_CXX_LIBRARY = "libc++";
				CLANG_ENABLE_MODULES = YES;
				CLANG_ENABLE_OBJC_ARC = YES;
				CLANG_ENABLE_OBJC_WEAK = YES;
				CLANG_WARN_BLOCK_CAPTURE_AUTORELEASING = YES;
				CLANG_WARN_BOOL_CONVERSION = YES;
				CLANG_WARN_COMMA = YES;
				CLANG_WARN_CONSTANT_CONVERSION = YES;
				CLANG_WARN_DEPRECATED_OBJC_IMPLEMENTATIONS = YES;
				CLANG_WARN_DIRECT_OBJC_ISA_USAGE = YES_ERROR;
				CLANG_WARN_DOCUMENTATION_COMMENTS = YES;
				CLANG_WARN_EMPTY_BODY = YES;
				CLANG_WARN_ENUM_CONVERSION = YES;
				CLANG_WARN_INFINITE_RECURSION = YES;
				CLANG_WARN_INT_CONVERSION = YES;
				CLANG_WARN_NON_LITERAL_NULL_CONVERSION = YES;
				CLANG_WARN_OBJC_IMPLICIT_RETAIN_SELF = YES;
				CLANG_WARN_OBJC_LITERAL_CONVERSION = YES;
				CLANG_WARN_OBJC_ROOT_CLASS = YES_ERROR;
				CLANG_WARN_RANGE_LOOP_ANALYSIS = YES;
				CLANG_WARN_STRICT_PROTOTYPES = YES;
				CLANG_WARN_SUSPICIOUS_MOVE = YES;
				CLANG_WARN_UNGUARDED_AVAILABILITY = YES_AGGRESSIVE;
				CLANG_WARN_UNREACHABLE_CODE = YES;
				CLANG_WARN__DUPLICATE_METHOD_MATCH = YES;
				CODE_SIGN_IDENTITY = "iPhone Developer";
				COPY_PHASE_STRIP = NO;
				DEBUG_INFORMATION_FORMAT = "dwarf-with-dsym";
				ENABLE_NS_ASSERTIONS = NO;
				ENABLE_STRICT_OBJC_MSGSEND = YES;
				GCC_C_LANGUAGE_STANDARD = gnu11;
				GCC_NO_COMMON_BLOCKS = YES;
				GCC_WARN_64_TO_32_BIT_CONVERSION = YES;
				GCC_WARN_ABOUT_RETURN_TYPE = YES_ERROR;
				GCC_WARN_UNDECLARED_SELECTOR = YES;
				GCC_WARN_UNINITIALIZED_AUTOS = YES_AGGRESSIVE;
				GCC_WARN_UNUSED_FUNCTION = YES;
				GCC_WARN_UNUSED_VARIABLE = YES;
				IPHONEOS_DEPLOYMENT_TARGET = 11.4;
				MTL_ENABLE_DEBUG_INFO = NO;
				SDKROOT = iphoneos;
				SWIFT_COMPILATION_MODE = wholemodule;
				SWIFT_OPTIMIZATION_LEVEL = "-O";
				VALIDATE_PRODUCT = YES;
			};
			name = Release;
		};
		B9639AFC20D93659006A56A8 /* Debug */ = {
			isa = XCBuildConfiguration;
			baseConfigurationReference = A41BE2D25B0649C1A381E6E4 /* Pods-contacts.debug.xcconfig */;
			buildSettings = {
				ASSETCATALOG_COMPILER_APPICON_NAME = AppIcon;
				CODE_SIGN_STYLE = Automatic;
				INFOPLIST_FILE = contacts/Info.plist;
				LD_RUNPATH_SEARCH_PATHS = (
					"$(inherited)",
					"@executable_path/Frameworks",
				);
				PRODUCT_BUNDLE_IDENTIFIER = ngo.patrick.contacts;
				PRODUCT_NAME = "$(TARGET_NAME)";
				SWIFT_VERSION = 4.0;
				TARGETED_DEVICE_FAMILY = "1,2";
			};
			name = Debug;
		};
		B9639AFD20D93659006A56A8 /* Release */ = {
			isa = XCBuildConfiguration;
			baseConfigurationReference = 4938E3A2AC4BF44006C0F3B1 /* Pods-contacts.release.xcconfig */;
			buildSettings = {
				ASSETCATALOG_COMPILER_APPICON_NAME = AppIcon;
				CODE_SIGN_STYLE = Automatic;
				INFOPLIST_FILE = contacts/Info.plist;
				LD_RUNPATH_SEARCH_PATHS = (
					"$(inherited)",
					"@executable_path/Frameworks",
				);
				PRODUCT_BUNDLE_IDENTIFIER = ngo.patrick.contacts;
				PRODUCT_NAME = "$(TARGET_NAME)";
				SWIFT_VERSION = 4.0;
				TARGETED_DEVICE_FAMILY = "1,2";
			};
			name = Release;
		};
		B9639AFF20D93659006A56A8 /* Debug */ = {
			isa = XCBuildConfiguration;
			baseConfigurationReference = 480C9F0AD98DDF431008ECF3 /* Pods-contactsTests.debug.xcconfig */;
			buildSettings = {
				ALWAYS_EMBED_SWIFT_STANDARD_LIBRARIES = YES;
				BUNDLE_LOADER = "$(TEST_HOST)";
				CODE_SIGN_STYLE = Automatic;
				INFOPLIST_FILE = contactsTests/Info.plist;
				LD_RUNPATH_SEARCH_PATHS = (
					"$(inherited)",
					"@executable_path/Frameworks",
					"@loader_path/Frameworks",
				);
				PRODUCT_BUNDLE_IDENTIFIER = ngo.patrick.contactsTests;
				PRODUCT_NAME = "$(TARGET_NAME)";
				SWIFT_VERSION = 4.0;
				TARGETED_DEVICE_FAMILY = "1,2";
				TEST_HOST = "$(BUILT_PRODUCTS_DIR)/contacts.app/contacts";
			};
			name = Debug;
		};
		B9639B0020D93659006A56A8 /* Release */ = {
			isa = XCBuildConfiguration;
			baseConfigurationReference = EC8601D57A019B9C54DEAD69 /* Pods-contactsTests.release.xcconfig */;
			buildSettings = {
				ALWAYS_EMBED_SWIFT_STANDARD_LIBRARIES = YES;
				BUNDLE_LOADER = "$(TEST_HOST)";
				CODE_SIGN_STYLE = Automatic;
				INFOPLIST_FILE = contactsTests/Info.plist;
				LD_RUNPATH_SEARCH_PATHS = (
					"$(inherited)",
					"@executable_path/Frameworks",
					"@loader_path/Frameworks",
				);
				PRODUCT_BUNDLE_IDENTIFIER = ngo.patrick.contactsTests;
				PRODUCT_NAME = "$(TARGET_NAME)";
				SWIFT_VERSION = 4.0;
				TARGETED_DEVICE_FAMILY = "1,2";
				TEST_HOST = "$(BUILT_PRODUCTS_DIR)/contacts.app/contacts";
			};
			name = Release;
		};
		B9639B0220D93659006A56A8 /* Debug */ = {
			isa = XCBuildConfiguration;
			baseConfigurationReference = D7C31E1012F6AB730C239C7F /* Pods-contactsUITests.debug.xcconfig */;
			buildSettings = {
				ALWAYS_EMBED_SWIFT_STANDARD_LIBRARIES = YES;
				CODE_SIGN_STYLE = Automatic;
				INFOPLIST_FILE = contactsUITests/Info.plist;
				LD_RUNPATH_SEARCH_PATHS = (
					"$(inherited)",
					"@executable_path/Frameworks",
					"@loader_path/Frameworks",
				);
				PRODUCT_BUNDLE_IDENTIFIER = ngo.patrick.contactsUITests;
				PRODUCT_NAME = "$(TARGET_NAME)";
				SWIFT_VERSION = 4.0;
				TARGETED_DEVICE_FAMILY = "1,2";
				TEST_TARGET_NAME = contacts;
			};
			name = Debug;
		};
		B9639B0320D93659006A56A8 /* Release */ = {
			isa = XCBuildConfiguration;
			baseConfigurationReference = 7E5BAD5ABBB3D779471B0786 /* Pods-contactsUITests.release.xcconfig */;
			buildSettings = {
				ALWAYS_EMBED_SWIFT_STANDARD_LIBRARIES = YES;
				CODE_SIGN_STYLE = Automatic;
				INFOPLIST_FILE = contactsUITests/Info.plist;
				LD_RUNPATH_SEARCH_PATHS = (
					"$(inherited)",
					"@executable_path/Frameworks",
					"@loader_path/Frameworks",
				);
				PRODUCT_BUNDLE_IDENTIFIER = ngo.patrick.contactsUITests;
				PRODUCT_NAME = "$(TARGET_NAME)";
				SWIFT_VERSION = 4.0;
				TARGETED_DEVICE_FAMILY = "1,2";
				TEST_TARGET_NAME = contacts;
			};
			name = Release;
		};
/* End XCBuildConfiguration section */

/* Begin XCConfigurationList section */
		B9639ACE20D93657006A56A8 /* Build configuration list for PBXProject "contacts" */ = {
			isa = XCConfigurationList;
			buildConfigurations = (
				B9639AF920D93659006A56A8 /* Debug */,
				B9639AFA20D93659006A56A8 /* Release */,
			);
			defaultConfigurationIsVisible = 0;
			defaultConfigurationName = Release;
		};
		B9639AFB20D93659006A56A8 /* Build configuration list for PBXNativeTarget "contacts" */ = {
			isa = XCConfigurationList;
			buildConfigurations = (
				B9639AFC20D93659006A56A8 /* Debug */,
				B9639AFD20D93659006A56A8 /* Release */,
			);
			defaultConfigurationIsVisible = 0;
			defaultConfigurationName = Release;
		};
		B9639AFE20D93659006A56A8 /* Build configuration list for PBXNativeTarget "contactsTests" */ = {
			isa = XCConfigurationList;
			buildConfigurations = (
				B9639AFF20D93659006A56A8 /* Debug */,
				B9639B0020D93659006A56A8 /* Release */,
			);
			defaultConfigurationIsVisible = 0;
			defaultConfigurationName = Release;
		};
		B9639B0120D93659006A56A8 /* Build configuration list for PBXNativeTarget "contactsUITests" */ = {
			isa = XCConfigurationList;
			buildConfigurations = (
				B9639B0220D93659006A56A8 /* Debug */,
				B9639B0320D93659006A56A8 /* Release */,
			);
			defaultConfigurationIsVisible = 0;
			defaultConfigurationName = Release;
		};
/* End XCConfigurationList section */
	};
	rootObject = B9639ACB20D93657006A56A8 /* Project object */;
}
